
Microsoft Visual Studio Solution File, Format Version 12.00
# Visual Studio Version 17
VisualStudioVersion = 17.8.34330.188
MinimumVisualStudioVersion = 10.0.40219.1
Project("{FAE04EC0-301F-11D3-BF4B-00C04F79EFBC}") = "Variants", "Variants\Variants.csproj", "{4AC12121-7964-4059-9FB4-11F31489B55D}"
EndProject
Project("{FAE04EC0-301F-11D3-BF4B-00C04F79EFBC}") = "TestVariants", "TestVariants\TestVariants.csproj", "{AE3BAEA5-F4EE-4C76-B68A-A964EBAA7F21}"
EndProject
Global
	GlobalSection(SolutionConfigurationPlatforms) = preSolution
		Debug|Any CPU = Debug|Any CPU
		Release|Any CPU = Release|Any CPU
	EndGlobalSection
	GlobalSection(ProjectConfigurationPlatforms) = postSolution
		{4AC12121-7964-4059-9FB4-11F31489B55D}.Debug|Any CPU.ActiveCfg = Debug|Any CPU
		{4AC12121-7964-4059-9FB4-11F31489B55D}.Debug|Any CPU.Build.0 = Debug|Any CPU
		{4AC12121-7964-4059-9FB4-11F31489B55D}.Release|Any CPU.ActiveCfg = Release|Any CPU
		{4AC12121-7964-4059-9FB4-11F31489B55D}.Release|Any CPU.Build.0 = Release|Any CPU
		{AE3BAEA5-F4EE-4C76-B68A-A964EBAA7F21}.Debug|Any CPU.ActiveCfg = Debug|Any CPU
		{AE3BAEA5-F4EE-4C76-B68A-A964EBAA7F21}.Debug|Any CPU.Build.0 = Debug|Any CPU
		{AE3BAEA5-F4EE-4C76-B68A-A964EBAA7F21}.Release|Any CPU.ActiveCfg = Release|Any CPU
		{AE3BAEA5-F4EE-4C76-B68A-A964EBAA7F21}.Release|Any CPU.Build.0 = Release|Any CPU
	EndGlobalSection
	GlobalSection(SolutionProperties) = preSolution
		HideSolutionNode = FALSE
	EndGlobalSection
	GlobalSection(ExtensibilityGlobals) = postSolution
		SolutionGuid = {F9463E9F-DE88-4089-8145-15BF35F91BA8}
	EndGlobalSection
EndGlobal
